{
  "version": 4,
  "terraform_version": "1.9.8",
  "serial": 6,
  "lineage": "970a7727-933c-8b2d-07d6-2af266a17193",
  "outputs": {
    "application_id": {
      "value": "d45f52b9-6b9f-4226-9a52-a5a5354eb022",
      "type": "string"
    },
    "client_secret": {
      "value": "psS8Q~J28Jljjy_o5hd7iiisHsNfIbdpkYV7wa.p",
      "type": "string",
      "sensitive": true
    },
    "service_principal_id": {
      "value": "/servicePrincipals/907a50dd-b004-4733-b059-5fd1dc04d569",
      "type": "string"
    }
  },
  "resources": [
    {
      "mode": "managed",
      "type": "azuread_application_password",
      "name": "appregpass",
      "provider": "provider[\"registry.terraform.io/hashicorp/azuread\"]",
      "instances": [
        {
          "schema_version": 1,
          "attributes": {
            "application_id": "/applications/c0488f0f-b1ad-4d20-821c-56e92526a6cf",
            "display_name": "App Reg Pass",
            "end_date": "2026-10-27T16:51:32.9877911Z",
            "end_date_relative": null,
            "id": "c0488f0f-b1ad-4d20-821c-56e92526a6cf/password/995dceca-f914-41da-b4fa-d8829742a39c",
            "key_id": "995dceca-f914-41da-b4fa-d8829742a39c",
            "rotate_when_changed": null,
            "start_date": "2024-10-27T16:51:32.9877911Z",
            "timeouts": null,
            "value": "psS8Q~J28Jljjy_o5hd7iiisHsNfIbdpkYV7wa.p"
          },
          "sensitive_attributes": [
            [
              {
                "type": "get_attr",
                "value": "value"
              }
            ]
          ],
          "private": "eyJlMmJmYjczMC1lY2FhLTExZTYtOGY4OC0zNDM2M2JjN2M0YzAiOnsiY3JlYXRlIjo5MDAwMDAwMDAwMDAsImRlbGV0ZSI6MzAwMDAwMDAwMDAwLCJyZWFkIjozMDAwMDAwMDAwMDAsInVwZGF0ZSI6MzAwMDAwMDAwMDAwfSwic2NoZW1hX3ZlcnNpb24iOiIxIn0=",
          "dependencies": [
            "azuread_application_registration.appreg"
          ]
        }
      ]
    },
    {
      "mode": "managed",
      "type": "azuread_application_registration",
      "name": "appreg",
      "provider": "provider[\"registry.terraform.io/hashicorp/azuread\"]",
      "instances": [
        {
          "schema_version": 0,
          "attributes": {
            "client_id": "d45f52b9-6b9f-4226-9a52-a5a5354eb022",
            "description": "test app reg",
            "disabled_by_microsoft": "map[false:]",
            "display_name": "App Reg",
            "group_membership_claims": [],
            "homepage_url": "https://app.hashitown.com/",
            "id": "/applications/c0488f0f-b1ad-4d20-821c-56e92526a6cf",
            "implicit_access_token_issuance_enabled": false,
            "implicit_id_token_issuance_enabled": false,
            "logout_url": "https://app.hashitown.com/logout",
            "marketing_url": "https://hashitown.com/",
            "notes": "",
            "object_id": "c0488f0f-b1ad-4d20-821c-56e92526a6cf",
            "privacy_statement_url": "https://hashitown.com/privacy",
            "publisher_domain": "postmanenv.onmicrosoft.com",
            "requested_access_token_version": 2,
            "service_management_reference": "",
            "sign_in_audience": "AzureADMyOrg",
            "support_url": "https://support.hashitown.com/",
            "terms_of_service_url": "https://hashitown.com/terms",
            "timeouts": null
          },
          "sensitive_attributes": [],
          "private": "eyJlMmJmYjczMC1lY2FhLTExZTYtOGY4OC0zNDM2M2JjN2M0YzAiOnsiY3JlYXRlIjo2MDAwMDAwMDAwMDAsImRlbGV0ZSI6MzAwMDAwMDAwMDAwLCJyZWFkIjozMDAwMDAwMDAwMDAsInVwZGF0ZSI6NjAwMDAwMDAwMDAwfX0="
        }
      ]
    },
    {
      "mode": "managed",
      "type": "azuread_service_principal",
      "name": "appregsp",
      "provider": "provider[\"registry.terraform.io/hashicorp/azuread\"]",
      "instances": [
        {
          "schema_version": 1,
          "attributes": {
            "account_enabled": true,
            "alternative_names": null,
            "app_role_assignment_required": false,
            "app_role_ids": {},
            "app_roles": [],
            "application_tenant_id": "ccc9661f-e6ae-4cb4-923b-6f6669f24680",
            "client_id": "d45f52b9-6b9f-4226-9a52-a5a5354eb022",
            "description": "",
            "display_name": "App Reg",
            "feature_tags": [
              {
                "custom_single_sign_on": false,
                "enterprise": false,
                "gallery": false,
                "hide": false
              }
            ],
            "features": [
              {
                "custom_single_sign_on_app": false,
                "enterprise_application": false,
                "gallery_application": false,
                "visible_to_users": true
              }
            ],
            "homepage_url": "https://app.hashitown.com/",
            "id": "/servicePrincipals/907a50dd-b004-4733-b059-5fd1dc04d569",
            "login_url": "",
            "logout_url": "https://app.hashitown.com/logout",
            "notes": "",
            "notification_email_addresses": null,
            "oauth2_permission_scope_ids": {},
            "oauth2_permission_scopes": [],
            "object_id": "907a50dd-b004-4733-b059-5fd1dc04d569",
            "owners": null,
            "preferred_single_sign_on_mode": "",
            "redirect_uris": [],
            "saml_metadata_url": "",
            "saml_single_sign_on": [
              {
                "relay_state": ""
              }
            ],
            "service_principal_names": [],
            "sign_in_audience": "AzureADMyOrg",
            "tags": [],
            "timeouts": null,
            "type": "Application",
            "use_existing": null
          },
          "sensitive_attributes": [],
          "private": "eyJlMmJmYjczMC1lY2FhLTExZTYtOGY4OC0zNDM2M2JjN2M0YzAiOnsiY3JlYXRlIjo2MDAwMDAwMDAwMDAsImRlbGV0ZSI6MzAwMDAwMDAwMDAwLCJyZWFkIjozMDAwMDAwMDAwMDAsInVwZGF0ZSI6NjAwMDAwMDAwMDAwfSwic2NoZW1hX3ZlcnNpb24iOiIxIn0=",
          "dependencies": [
            "azuread_application_registration.appreg"
          ]
        }
      ]
    },
    {
      "mode": "managed",
      "type": "azurerm_resource_group",
      "name": "demo",
      "provider": "provider[\"registry.terraform.io/hashicorp/azurerm\"]",
      "instances": [
        {
          "schema_version": 0,
          "attributes": {
            "id": "/subscriptions/93e36509-fcc0-4600-8d91-6d91890e5bcc/resourceGroups/demo",
            "location": "westeurope",
            "managed_by": "",
            "name": "demo",
            "tags": {},
            "timeouts": null
          },
          "sensitive_attributes": [],
          "private": "eyJlMmJmYjczMC1lY2FhLTExZTYtOGY4OC0zNDM2M2JjN2M0YzAiOnsiY3JlYXRlIjo1NDAwMDAwMDAwMDAwLCJkZWxldGUiOjU0MDAwMDAwMDAwMDAsInJlYWQiOjMwMDAwMDAwMDAwMCwidXBkYXRlIjo1NDAwMDAwMDAwMDAwfX0="
        }
      ]
    }
  ],
  "check_results": null
}
